# This file is automatically @generated by Poetry 2.1.2 and should not be changed by hand.

[[package]]
name = "certifi"
version = "2025.1.31"
description = "Python package for providing Mozilla's CA Bundle."
optional = false
python-versions = ">=3.6"
groups = ["main"]
files = [
    {file = "certifi-2025.1.31-py3-none-any.whl", hash = "sha256:ca78db4565a652026a4db2bcdf68f2fb589ea80d0be70e03929ed730746b84fe"},
    {file = "certifi-2025.1.31.tar.gz", hash = "sha256:3d5da6925056f6f18f119200434a4780a94263f10d1c21d032a6f6b2baa20651"},
]

[[package]]
name = "charset-normalizer"
version = "3.4.1"
description = "The Real First Universal Charset Detector. Open, modern and actively maintained alternative to Chardet."
optional = false
python-versions = ">=3.7"
groups = ["main"]
files = [
    {file = "charset_normalizer-3.4.1-cp310-cp310-macosx_10_9_universal2.whl", hash = "sha256:91b36a978b5ae0ee86c394f5a54d6ef44db1de0815eb43de826d41d21e4af3de"},
    {file = "charset_normalizer-3.4.1-cp310-cp310-manylinux_2_17_aarch64.manylinux2014_aarch64.whl", hash = "sha256:7461baadb4dc00fd9e0acbe254e3d7d2112e7f92ced2adc96e54ef6501c5f176"},
    {file = "charset_normalizer-3.4.1-cp310-cp310-manylinux_2_17_ppc64le.manylinux2014_ppc64le.whl", hash = "sha256:e218488cd232553829be0664c2292d3af2eeeb94b32bea483cf79ac6a694e037"},
    {file = "charset_normalizer-3.4.1-cp310-cp310-manylinux_2_17_s390x.manylinux2014_s390x.whl", hash = "sha256:80ed5e856eb7f30115aaf94e4a08114ccc8813e6ed1b5efa74f9f82e8509858f"},
    {file = "charset_normalizer-3.4.1-cp310-cp310-manylinux_2_17_x86_64.manylinux2014_x86_64.whl", hash = "sha256:b010a7a4fd316c3c484d482922d13044979e78d1861f0e0650423144c616a46a"},
    {file = "charset_normalizer-3.4.1-cp310-cp310-manylinux_2_5_i686.manylinux1_i686.manylinux_2_17_i686.manylinux2014_i686.whl", hash = "sha256:4532bff1b8421fd0a320463030c7520f56a79c9024a4e88f01c537316019005a"},
    {file = "charset_normalizer-3.4.1-cp310-cp310-musllinux_1_2_aarch64.whl", hash = "sha256:d973f03c0cb71c5ed99037b870f2be986c3c05e63622c017ea9816881d2dd247"},
    {file = "charset_normalizer-3.4.1-cp310-cp310-musllinux_1_2_i686.whl", hash = "sha256:3a3bd0dcd373514dcec91c411ddb9632c0d7d92aed7093b8c3bbb6d69ca74408"},
    {file = "charset_normalizer-3.4.1-cp310-cp310-musllinux_1_2_ppc64le.whl", hash = "sha256:d9c3cdf5390dcd29aa8056d13e8e99526cda0305acc038b96b30352aff5ff2bb"},
    {file = "charset_normalizer-3.4.1-cp310-cp310-musllinux_1_2_s390x.whl", hash = "sha256:2bdfe3ac2e1bbe5b59a1a63721eb3b95fc9b6817ae4a46debbb4e11f6232428d"},
    {file = "charset_normalizer-3.4.1-cp310-cp310-musllinux_1_2_x86_64.whl", hash = "sha256:eab677309cdb30d047996b36d34caeda1dc91149e4fdca0b1a039b3f79d9a807"},
    {file = "charset_normalizer-3.4.1-cp310-cp310-win32.whl", hash = "sha256:c0429126cf75e16c4f0ad00ee0eae4242dc652290f940152ca8c75c3a4b6ee8f"},
    {file = "charset_normalizer-3.4.1-cp310-cp310-win_amd64.whl", hash = "sha256:9f0b8b1c6d84c8034a44893aba5e767bf9c7a211e313a9605d9c617d7083829f"},
    {file = "charset_normalizer-3.4.1-cp311-cp311-macosx_10_9_universal2.whl", hash = "sha256:8bfa33f4f2672964266e940dd22a195989ba31669bd84629f05fab3ef4e2d125"},
    {file = "charset_normalizer-3.4.1-cp311-cp311-manylinux_2_17_aarch64.manylinux2014_aarch64.whl", hash = "sha256:28bf57629c75e810b6ae989f03c0828d64d6b26a5e205535585f96093e405ed1"},
    {file = "charset_normalizer-3.4.1-cp311-cp311-manylinux_2_17_ppc64le.manylinux2014_ppc64le.whl", hash = "sha256:f08ff5e948271dc7e18a35641d2f11a4cd8dfd5634f55228b691e62b37125eb3"},
    {file = "charset_normalizer-3.4.1-cp311-cp311-manylinux_2_17_s390x.manylinux2014_s390x.whl", hash = "sha256:234ac59ea147c59ee4da87a0c0f098e9c8d169f4dc2a159ef720f1a61bbe27cd"},
    {file = "charset_normalizer-3.4.1-cp311-cp311-manylinux_2_17_x86_64.manylinux2014_x86_64.whl", hash = "sha256:fd4ec41f914fa74ad1b8304bbc634b3de73d2a0889bd32076342a573e0779e00"},
    {file = "charset_normalizer-3.4.1-cp311-cp311-manylinux_2_5_i686.manylinux1_i686.manylinux_2_17_i686.manylinux2014_i686.whl", hash = "sha256:eea6ee1db730b3483adf394ea72f808b6e18cf3cb6454b4d86e04fa8c4327a12"},
    {file = "charset_normalizer-3.4.1-cp311-cp311-musllinux_1_2_aarch64.whl", hash = "sha256:c96836c97b1238e9c9e3fe90844c947d5afbf4f4c92762679acfe19927d81d77"},
    {file = "charset_normalizer-3.4.1-cp311-cp311-musllinux_1_2_i686.whl", hash = "sha256:4d86f7aff21ee58f26dcf5ae81a9addbd914115cdebcbb2217e4f0ed8982e146"},
    {file = "charset_normalizer-3.4.1-cp311-cp311-musllinux_1_2_ppc64le.whl", hash = "sha256:09b5e6733cbd160dcc09589227187e242a30a49ca5cefa5a7edd3f9d19ed53fd"},
    {file = "charset_normalizer-3.4.1-cp311-cp311-musllinux_1_2_s390x.whl", hash = "sha256:5777ee0881f9499ed0f71cc82cf873d9a0ca8af166dfa0af8ec4e675b7df48e6"},
    {file = "charset_normalizer-3.4.1-cp311-cp311-musllinux_1_2_x86_64.whl", hash = "sha256:237bdbe6159cff53b4f24f397d43c6336c6b0b42affbe857970cefbb620911c8"},
    {file = "charset_normalizer-3.4.1-cp311-cp311-win32.whl", hash = "sha256:8417cb1f36cc0bc7eaba8ccb0e04d55f0ee52df06df3ad55259b9a323555fc8b"},
    {file = "charset_normalizer-3.4.1-cp311-cp311-win_amd64.whl", hash = "sha256:d7f50a1f8c450f3925cb367d011448c39239bb3eb4117c36a6d354794de4ce76"},
    {file = "charset_normalizer-3.4.1-cp312-cp312-macosx_10_13_universal2.whl", hash = "sha256:73d94b58ec7fecbc7366247d3b0b10a21681004153238750bb67bd9012414545"},
    {file = "charset_normalizer-3.4.1-cp312-cp312-manylinux_2_17_aarch64.manylinux2014_aarch64.whl", hash = "sha256:dad3e487649f498dd991eeb901125411559b22e8d7ab25d3aeb1af367df5efd7"},
    {file = "charset_normalizer-3.4.1-cp312-cp312-manylinux_2_17_ppc64le.manylinux2014_ppc64le.whl", hash = "sha256:c30197aa96e8eed02200a83fba2657b4c3acd0f0aa4bdc9f6c1af8e8962e0757"},
    {file = "charset_normalizer-3.4.1-cp312-cp312-manylinux_2_17_s390x.manylinux2014_s390x.whl", hash = "sha256:2369eea1ee4a7610a860d88f268eb39b95cb588acd7235e02fd5a5601773d4fa"},
    {file = "charset_normalizer-3.4.1-cp312-cp312-manylinux_2_17_x86_64.manylinux2014_x86_64.whl", hash = "sha256:bc2722592d8998c870fa4e290c2eec2c1569b87fe58618e67d38b4665dfa680d"},
    {file = "charset_normalizer-3.4.1-cp312-cp312-manylinux_2_5_i686.manylinux1_i686.manylinux_2_17_i686.manylinux2014_i686.whl", hash = "sha256:ffc9202a29ab3920fa812879e95a9e78b2465fd10be7fcbd042899695d75e616"},
    {file = "charset_normalizer-3.4.1-cp312-cp312-musllinux_1_2_aarch64.whl", hash = "sha256:804a4d582ba6e5b747c625bf1255e6b1507465494a40a2130978bda7b932c90b"},
    {file = "charset_normalizer-3.4.1-cp312-cp312-musllinux_1_2_i686.whl", hash = "sha256:0f55e69f030f7163dffe9fd0752b32f070566451afe180f99dbeeb81f511ad8d"},
    {file = "charset_normalizer-3.4.1-cp312-cp312-musllinux_1_2_ppc64le.whl", hash = "sha256:c4c3e6da02df6fa1410a7680bd3f63d4f710232d3139089536310d027950696a"},
    {file = "charset_normalizer-3.4.1-cp312-cp312-musllinux_1_2_s390x.whl", hash = "sha256:5df196eb874dae23dcfb968c83d4f8fdccb333330fe1fc278ac5ceeb101003a9"},
    {file = "charset_normalizer-3.4.1-cp312-cp312-musllinux_1_2_x86_64.whl", hash = "sha256:e358e64305fe12299a08e08978f51fc21fac060dcfcddd95453eabe5b93ed0e1"},
    {file = "charset_normalizer-3.4.1-cp312-cp312-win32.whl", hash = "sha256:9b23ca7ef998bc739bf6ffc077c2116917eabcc901f88da1b9856b210ef63f35"},
    {file = "charset_normalizer-3.4.1-cp312-cp312-win_amd64.whl", hash = "sha256:6ff8a4a60c227ad87030d76e99cd1698345d4491638dfa6673027c48b3cd395f"},
    {file = "charset_normalizer-3.4.1-cp313-cp313-macosx_10_13_universal2.whl", hash = "sha256:aabfa34badd18f1da5ec1bc2715cadc8dca465868a4e73a0173466b688f29dda"},
    {file = "charset_normalizer-3.4.1-cp313-cp313-manylinux_2_17_aarch64.manylinux2014_aarch64.whl", hash = "sha256:22e14b5d70560b8dd51ec22863f370d1e595ac3d024cb8ad7d308b4cd95f8313"},
    {file = "charset_normalizer-3.4.1-cp313-cp313-manylinux_2_17_ppc64le.manylinux2014_ppc64le.whl", hash = "sha256:8436c508b408b82d87dc5f62496973a1805cd46727c34440b0d29d8a2f50a6c9"},
    {file = "charset_normalizer-3.4.1-cp313-cp313-manylinux_2_17_s390x.manylinux2014_s390x.whl", hash = "sha256:2d074908e1aecee37a7635990b2c6d504cd4766c7bc9fc86d63f9c09af3fa11b"},
    {file = "charset_normalizer-3.4.1-cp313-cp313-manylinux_2_17_x86_64.manylinux2014_x86_64.whl", hash = "sha256:955f8851919303c92343d2f66165294848d57e9bba6cf6e3625485a70a038d11"},
    {file = "charset_normalizer-3.4.1-cp313-cp313-manylinux_2_5_i686.manylinux1_i686.manylinux_2_17_i686.manylinux2014_i686.whl", hash = "sha256:44ecbf16649486d4aebafeaa7ec4c9fed8b88101f4dd612dcaf65d5e815f837f"},
    {file = "charset_normalizer-3.4.1-cp313-cp313-musllinux_1_2_aarch64.whl", hash = "sha256:0924e81d3d5e70f8126529951dac65c1010cdf117bb75eb02dd12339b57749dd"},
    {file = "charset_normalizer-3.4.1-cp313-cp313-musllinux_1_2_i686.whl", hash = "sha256:2967f74ad52c3b98de4c3b32e1a44e32975e008a9cd2a8cc8966d6a5218c5cb2"},
    {file = "charset_normalizer-3.4.1-cp313-cp313-musllinux_1_2_ppc64le.whl", hash = "sha256:c75cb2a3e389853835e84a2d8fb2b81a10645b503eca9bcb98df6b5a43eb8886"},
    {file = "charset_normalizer-3.4.1-cp313-cp313-musllinux_1_2_s390x.whl", hash = "sha256:09b26ae6b1abf0d27570633b2b078a2a20419c99d66fb2823173d73f188ce601"},
    {file = "charset_normalizer-3.4.1-cp313-cp313-musllinux_1_2_x86_64.whl", hash = "sha256:fa88b843d6e211393a37219e6a1c1df99d35e8fd90446f1118f4216e307e48cd"},
    {file = "charset_normalizer-3.4.1-cp313-cp313-win32.whl", hash = "sha256:eb8178fe3dba6450a3e024e95ac49ed3400e506fd4e9e5c32d30adda88cbd407"},
    {file = "charset_normalizer-3.4.1-cp313-cp313-win_amd64.whl", hash = "sha256:b1ac5992a838106edb89654e0aebfc24f5848ae2547d22c2c3f66454daa11971"},
    {file = "charset_normalizer-3.4.1-cp37-cp37m-manylinux_2_17_aarch64.manylinux2014_aarch64.whl", hash = "sha256:f30bf9fd9be89ecb2360c7d94a711f00c09b976258846efe40db3d05828e8089"},
    {file = "charset_normalizer-3.4.1-cp37-cp37m-manylinux_2_17_ppc64le.manylinux2014_ppc64le.whl", hash = "sha256:97f68b8d6831127e4787ad15e6757232e14e12060bec17091b85eb1486b91d8d"},
    {file = "charset_normalizer-3.4.1-cp37-cp37m-manylinux_2_17_s390x.manylinux2014_s390x.whl", hash = "sha256:7974a0b5ecd505609e3b19742b60cee7aa2aa2fb3151bc917e6e2646d7667dcf"},
    {file = "charset_normalizer-3.4.1-cp37-cp37m-manylinux_2_17_x86_64.manylinux2014_x86_64.whl", hash = "sha256:fc54db6c8593ef7d4b2a331b58653356cf04f67c960f584edb7c3d8c97e8f39e"},
    {file = "charset_normalizer-3.4.1-cp37-cp37m-manylinux_2_5_i686.manylinux1_i686.manylinux_2_17_i686.manylinux2014_i686.whl", hash = "sha256:311f30128d7d333eebd7896965bfcfbd0065f1716ec92bd5638d7748eb6f936a"},
    {file = "charset_normalizer-3.4.1-cp37-cp37m-musllinux_1_2_aarch64.whl", hash = "sha256:7d053096f67cd1241601111b698f5cad775f97ab25d81567d3f59219b5f1adbd"},
    {file = "charset_normalizer-3.4.1-cp37-cp37m-musllinux_1_2_i686.whl", hash = "sha256:807f52c1f798eef6cf26beb819eeb8819b1622ddfeef9d0977a8502d4db6d534"},
    {file = "charset_normalizer-3.4.1-cp37-cp37m-musllinux_1_2_ppc64le.whl", hash = "sha256:dccbe65bd2f7f7ec22c4ff99ed56faa1e9f785482b9bbd7c717e26fd723a1d1e"},
    {file = "charset_normalizer-3.4.1-cp37-cp37m-musllinux_1_2_s390x.whl", hash = "sha256:2fb9bd477fdea8684f78791a6de97a953c51831ee2981f8e4f583ff3b9d9687e"},
    {file = "charset_normalizer-3.4.1-cp37-cp37m-musllinux_1_2_x86_64.whl", hash = "sha256:01732659ba9b5b873fc117534143e4feefecf3b2078b0a6a2e925271bb6f4cfa"},
    {file = "charset_normalizer-3.4.1-cp37-cp37m-win32.whl", hash = "sha256:7a4f97a081603d2050bfaffdefa5b02a9ec823f8348a572e39032caa8404a487"},
    {file = "charset_normalizer-3.4.1-cp37-cp37m-win_amd64.whl", hash = "sha256:7b1bef6280950ee6c177b326508f86cad7ad4dff12454483b51d8b7d673a2c5d"},
    {file = "charset_normalizer-3.4.1-cp38-cp38-macosx_10_9_universal2.whl", hash = "sha256:ecddf25bee22fe4fe3737a399d0d177d72bc22be6913acfab364b40bce1ba83c"},
    {file = "charset_normalizer-3.4.1-cp38-cp38-manylinux_2_17_aarch64.manylinux2014_aarch64.whl", hash = "sha256:8c60ca7339acd497a55b0ea5d506b2a2612afb2826560416f6894e8b5770d4a9"},
    {file = "charset_normalizer-3.4.1-cp38-cp38-manylinux_2_17_ppc64le.manylinux2014_ppc64le.whl", hash = "sha256:b7b2d86dd06bfc2ade3312a83a5c364c7ec2e3498f8734282c6c3d4b07b346b8"},
    {file = "charset_normalizer-3.4.1-cp38-cp38-manylinux_2_17_s390x.manylinux2014_s390x.whl", hash = "sha256:dd78cfcda14a1ef52584dbb008f7ac81c1328c0f58184bf9a84c49c605002da6"},
    {file = "charset_normalizer-3.4.1-cp38-cp38-manylinux_2_17_x86_64.manylinux2014_x86_64.whl", hash = "sha256:6e27f48bcd0957c6d4cb9d6fa6b61d192d0b13d5ef563e5f2ae35feafc0d179c"},
    {file = "charset_normalizer-3.4.1-cp38-cp38-manylinux_2_5_i686.manylinux1_i686.manylinux_2_17_i686.manylinux2014_i686.whl", hash = "sha256:01ad647cdd609225c5350561d084b42ddf732f4eeefe6e678765636791e78b9a"},
    {file = "charset_normalizer-3.4.1-cp38-cp38-musllinux_1_2_aarch64.whl", hash = "sha256:619a609aa74ae43d90ed2e89bdd784765de0a25ca761b93e196d938b8fd1dbbd"},
    {file = "charset_normalizer-3.4.1-cp38-cp38-musllinux_1_2_i686.whl", hash = "sha256:89149166622f4db9b4b6a449256291dc87a99ee53151c74cbd82a53c8c2f6ccd"},
    {file = "charset_normalizer-3.4.1-cp38-cp38-musllinux_1_2_ppc64le.whl", hash = "sha256:7709f51f5f7c853f0fb938bcd3bc59cdfdc5203635ffd18bf354f6967ea0f824"},
    {file = "charset_normalizer-3.4.1-cp38-cp38-musllinux_1_2_s390x.whl", hash = "sha256:345b0426edd4e18138d6528aed636de7a9ed169b4aaf9d61a8c19e39d26838ca"},
    {file = "charset_normalizer-3.4.1-cp38-cp38-musllinux_1_2_x86_64.whl", hash = "sha256:0907f11d019260cdc3f94fbdb23ff9125f6b5d1039b76003b5b0ac9d6a6c9d5b"},
    {file = "charset_normalizer-3.4.1-cp38-cp38-win32.whl", hash = "sha256:ea0d8d539afa5eb2728aa1932a988a9a7af94f18582ffae4bc10b3fbdad0626e"},
    {file = "charset_normalizer-3.4.1-cp38-cp38-win_amd64.whl", hash = "sha256:329ce159e82018d646c7ac45b01a430369d526569ec08516081727a20e9e4af4"},
    {file = "charset_normalizer-3.4.1-cp39-cp39-macosx_10_9_universal2.whl", hash = "sha256:b97e690a2118911e39b4042088092771b4ae3fc3aa86518f84b8cf6888dbdb41"},
    {file = "charset_normalizer-3.4.1-cp39-cp39-manylinux_2_17_aarch64.manylinux2014_aarch64.whl", hash = "sha256:78baa6d91634dfb69ec52a463534bc0df05dbd546209b79a3880a34487f4b84f"},
    {file = "charset_normalizer-3.4.1-cp39-cp39-manylinux_2_17_ppc64le.manylinux2014_ppc64le.whl", hash = "sha256:1a2bc9f351a75ef49d664206d51f8e5ede9da246602dc2d2726837620ea034b2"},
    {file = "charset_normalizer-3.4.1-cp39-cp39-manylinux_2_17_s390x.manylinux2014_s390x.whl", hash = "sha256:75832c08354f595c760a804588b9357d34ec00ba1c940c15e31e96d902093770"},
    {file = "charset_normalizer-3.4.1-cp39-cp39-manylinux_2_17_x86_64.manylinux2014_x86_64.whl", hash = "sha256:0af291f4fe114be0280cdd29d533696a77b5b49cfde5467176ecab32353395c4"},
    {file = "charset_normalizer-3.4.1-cp39-cp39-manylinux_2_5_i686.manylinux1_i686.manylinux_2_17_i686.manylinux2014_i686.whl", hash = "sha256:0167ddc8ab6508fe81860a57dd472b2ef4060e8d378f0cc555707126830f2537"},
    {file = "charset_normalizer-3.4.1-cp39-cp39-musllinux_1_2_aarch64.whl", hash = "sha256:2a75d49014d118e4198bcee5ee0a6f25856b29b12dbf7cd012791f8a6cc5c496"},
    {file = "charset_normalizer-3.4.1-cp39-cp39-musllinux_1_2_i686.whl", hash = "sha256:363e2f92b0f0174b2f8238240a1a30142e3db7b957a5dd5689b0e75fb717cc78"},
    {file = "charset_normalizer-3.4.1-cp39-cp39-musllinux_1_2_ppc64le.whl", hash = "sha256:ab36c8eb7e454e34e60eb55ca5d241a5d18b2c6244f6827a30e451c42410b5f7"},
    {file = "charset_normalizer-3.4.1-cp39-cp39-musllinux_1_2_s390x.whl", hash = "sha256:4c0907b1928a36d5a998d72d64d8eaa7244989f7aaaf947500d3a800c83a3fd6"},
    {file = "charset_normalizer-3.4.1-cp39-cp39-musllinux_1_2_x86_64.whl", hash = "sha256:04432ad9479fa40ec0f387795ddad4437a2b50417c69fa275e212933519ff294"},
    {file = "charset_normalizer-3.4.1-cp39-cp39-win32.whl", hash = "sha256:3bed14e9c89dcb10e8f3a29f9ccac4955aebe93c71ae803af79265c9ca5644c5"},
    {file = "charset_normalizer-3.4.1-cp39-cp39-win_amd64.whl", hash = "sha256:49402233c892a461407c512a19435d1ce275543138294f7ef013f0b63d5d3765"},
    {file = "charset_normalizer-3.4.1-py3-none-any.whl", hash = "sha256:d98b1668f06378c6dbefec3b92299716b931cd4e6061f3c875a71ced1780ab85"},
    {file = "charset_normalizer-3.4.1.tar.gz", hash = "sha256:44251f18cd68a75b56585dd00dae26183e102cd5e0f9f1466e6df5da2ed64ea3"},
]

[[package]]
name = "grpcio"
version = "1.71.0"
description = "HTTP/2-based RPC framework"
optional = false
python-versions = ">=3.9"
groups = ["main"]
files = [
    {file = "grpcio-1.71.0-cp310-cp310-linux_armv7l.whl", hash = "sha256:c200cb6f2393468142eb50ab19613229dcc7829b5ccee8b658a36005f6669fdd"},
    {file = "grpcio-1.71.0-cp310-cp310-macosx_12_0_universal2.whl", hash = "sha256:b2266862c5ad664a380fbbcdbdb8289d71464c42a8c29053820ee78ba0119e5d"},
    {file = "grpcio-1.71.0-cp310-cp310-manylinux_2_17_aarch64.whl", hash = "sha256:0ab8b2864396663a5b0b0d6d79495657ae85fa37dcb6498a2669d067c65c11ea"},
    {file = "grpcio-1.71.0-cp310-cp310-manylinux_2_17_i686.manylinux2014_i686.whl", hash = "sha256:c30f393f9d5ff00a71bb56de4aa75b8fe91b161aeb61d39528db6b768d7eac69"},
    {file = "grpcio-1.71.0-cp310-cp310-manylinux_2_17_x86_64.manylinux2014_x86_64.whl", hash = "sha256:f250ff44843d9a0615e350c77f890082102a0318d66a99540f54769c8766ab73"},
    {file = "grpcio-1.71.0-cp310-cp310-musllinux_1_1_aarch64.whl", hash = "sha256:e6d8de076528f7c43a2f576bc311799f89d795aa6c9b637377cc2b1616473804"},
    {file = "grpcio-1.71.0-cp310-cp310-musllinux_1_1_i686.whl", hash = "sha256:9b91879d6da1605811ebc60d21ab6a7e4bae6c35f6b63a061d61eb818c8168f6"},
    {file = "grpcio-1.71.0-cp310-cp310-musllinux_1_1_x86_64.whl", hash = "sha256:f71574afdf944e6652203cd1badcda195b2a27d9c83e6d88dc1ce3cfb73b31a5"},
    {file = "grpcio-1.71.0-cp310-cp310-win32.whl", hash = "sha256:8997d6785e93308f277884ee6899ba63baafa0dfb4729748200fcc537858a509"},
    {file = "grpcio-1.71.0-cp310-cp310-win_amd64.whl", hash = "sha256:7d6ac9481d9d0d129224f6d5934d5832c4b1cddb96b59e7eba8416868909786a"},
    {file = "grpcio-1.71.0-cp311-cp311-linux_armv7l.whl", hash = "sha256:d6aa986318c36508dc1d5001a3ff169a15b99b9f96ef5e98e13522c506b37eef"},
    {file = "grpcio-1.71.0-cp311-cp311-macosx_10_14_universal2.whl", hash = "sha256:d2c170247315f2d7e5798a22358e982ad6eeb68fa20cf7a820bb74c11f0736e7"},
    {file = "grpcio-1.71.0-cp311-cp311-manylinux_2_17_aarch64.whl", hash = "sha256:e6f83a583ed0a5b08c5bc7a3fe860bb3c2eac1f03f1f63e0bc2091325605d2b7"},
    {file = "grpcio-1.71.0-cp311-cp311-manylinux_2_17_i686.manylinux2014_i686.whl", hash = "sha256:4be74ddeeb92cc87190e0e376dbc8fc7736dbb6d3d454f2fa1f5be1dee26b9d7"},
    {file = "grpcio-1.71.0-cp311-cp311-manylinux_2_17_x86_64.manylinux2014_x86_64.whl", hash = "sha256:4dd0dfbe4d5eb1fcfec9490ca13f82b089a309dc3678e2edabc144051270a66e"},
    {file = "grpcio-1.71.0-cp311-cp311-musllinux_1_1_aarch64.whl", hash = "sha256:a2242d6950dc892afdf9e951ed7ff89473aaf744b7d5727ad56bdaace363722b"},
    {file = "grpcio-1.71.0-cp311-cp311-musllinux_1_1_i686.whl", hash = "sha256:0fa05ee31a20456b13ae49ad2e5d585265f71dd19fbd9ef983c28f926d45d0a7"},
    {file = "grpcio-1.71.0-cp311-cp311-musllinux_1_1_x86_64.whl", hash = "sha256:3d081e859fb1ebe176de33fc3adb26c7d46b8812f906042705346b314bde32c3"},
    {file = "grpcio-1.71.0-cp311-cp311-win32.whl", hash = "sha256:d6de81c9c00c8a23047136b11794b3584cdc1460ed7cbc10eada50614baa1444"},
    {file = "grpcio-1.71.0-cp311-cp311-win_amd64.whl", hash = "sha256:24e867651fc67717b6f896d5f0cac0ec863a8b5fb7d6441c2ab428f52c651c6b"},
    {file = "grpcio-1.71.0-cp312-cp312-linux_armv7l.whl", hash = "sha256:0ff35c8d807c1c7531d3002be03221ff9ae15712b53ab46e2a0b4bb271f38537"},
    {file = "grpcio-1.71.0-cp312-cp312-macosx_10_14_universal2.whl", hash = "sha256:b78a99cd1ece4be92ab7c07765a0b038194ded2e0a26fd654591ee136088d8d7"},
    {file = "grpcio-1.71.0-cp312-cp312-manylinux_2_17_aarch64.whl", hash = "sha256:dc1a1231ed23caac1de9f943d031f1bc38d0f69d2a3b243ea0d664fc1fbd7fec"},
    {file = "grpcio-1.71.0-cp312-cp312-manylinux_2_17_i686.manylinux2014_i686.whl", hash = "sha256:e6beeea5566092c5e3c4896c6d1d307fb46b1d4bdf3e70c8340b190a69198594"},
    {file = "grpcio-1.71.0-cp312-cp312-manylinux_2_17_x86_64.manylinux2014_x86_64.whl", hash = "sha256:d5170929109450a2c031cfe87d6716f2fae39695ad5335d9106ae88cc32dc84c"},
    {file = "grpcio-1.71.0-cp312-cp312-musllinux_1_1_aarch64.whl", hash = "sha256:5b08d03ace7aca7b2fadd4baf291139b4a5f058805a8327bfe9aece7253b6d67"},
    {file = "grpcio-1.71.0-cp312-cp312-musllinux_1_1_i686.whl", hash = "sha256:f903017db76bf9cc2b2d8bdd37bf04b505bbccad6be8a81e1542206875d0e9db"},
    {file = "grpcio-1.71.0-cp312-cp312-musllinux_1_1_x86_64.whl", hash = "sha256:469f42a0b410883185eab4689060a20488a1a0a00f8bbb3cbc1061197b4c5a79"},
    {file = "grpcio-1.71.0-cp312-cp312-win32.whl", hash = "sha256:ad9f30838550695b5eb302add33f21f7301b882937460dd24f24b3cc5a95067a"},
    {file = "grpcio-1.71.0-cp312-cp312-win_amd64.whl", hash = "sha256:652350609332de6dac4ece254e5d7e1ff834e203d6afb769601f286886f6f3a8"},
    {file = "grpcio-1.71.0-cp313-cp313-linux_armv7l.whl", hash = "sha256:cebc1b34ba40a312ab480ccdb396ff3c529377a2fce72c45a741f7215bfe8379"},
    {file = "grpcio-1.71.0-cp313-cp313-macosx_10_14_universal2.whl", hash = "sha256:85da336e3649a3d2171e82f696b5cad2c6231fdd5bad52616476235681bee5b3"},
    {file = "grpcio-1.71.0-cp313-cp313-manylinux_2_17_aarch64.whl", hash = "sha256:f9a412f55bb6e8f3bb000e020dbc1e709627dcb3a56f6431fa7076b4c1aab0db"},
    {file = "grpcio-1.71.0-cp313-cp313-manylinux_2_17_i686.manylinux2014_i686.whl", hash = "sha256:47be9584729534660416f6d2a3108aaeac1122f6b5bdbf9fd823e11fe6fbaa29"},
    {file = "grpcio-1.71.0-cp313-cp313-manylinux_2_17_x86_64.manylinux2014_x86_64.whl", hash = "sha256:7c9c80ac6091c916db81131d50926a93ab162a7e97e4428ffc186b6e80d6dda4"},
    {file = "grpcio-1.71.0-cp313-cp313-musllinux_1_1_aarch64.whl", hash = "sha256:789d5e2a3a15419374b7b45cd680b1e83bbc1e52b9086e49308e2c0b5bbae6e3"},
    {file = "grpcio-1.71.0-cp313-cp313-musllinux_1_1_i686.whl", hash = "sha256:1be857615e26a86d7363e8a163fade914595c81fec962b3d514a4b1e8760467b"},
    {file = "grpcio-1.71.0-cp313-cp313-musllinux_1_1_x86_64.whl", hash = "sha256:a76d39b5fafd79ed604c4be0a869ec3581a172a707e2a8d7a4858cb05a5a7637"},
    {file = "grpcio-1.71.0-cp313-cp313-win32.whl", hash = "sha256:74258dce215cb1995083daa17b379a1a5a87d275387b7ffe137f1d5131e2cfbb"},
    {file = "grpcio-1.71.0-cp313-cp313-win_amd64.whl", hash = "sha256:22c3bc8d488c039a199f7a003a38cb7635db6656fa96437a8accde8322ce2366"},
    {file = "grpcio-1.71.0-cp39-cp39-linux_armv7l.whl", hash = "sha256:c6a0a28450c16809f94e0b5bfe52cabff63e7e4b97b44123ebf77f448534d07d"},
    {file = "grpcio-1.71.0-cp39-cp39-macosx_10_14_universal2.whl", hash = "sha256:a371e6b6a5379d3692cc4ea1cb92754d2a47bdddeee755d3203d1f84ae08e03e"},
    {file = "grpcio-1.71.0-cp39-cp39-manylinux_2_17_aarch64.whl", hash = "sha256:39983a9245d37394fd59de71e88c4b295eb510a3555e0a847d9965088cdbd033"},
    {file = "grpcio-1.71.0-cp39-cp39-manylinux_2_17_i686.manylinux2014_i686.whl", hash = "sha256:9182e0063112e55e74ee7584769ec5a0b4f18252c35787f48738627e23a62b97"},
    {file = "grpcio-1.71.0-cp39-cp39-manylinux_2_17_x86_64.manylinux2014_x86_64.whl", hash = "sha256:693bc706c031aeb848849b9d1c6b63ae6bcc64057984bb91a542332b75aa4c3d"},
    {file = "grpcio-1.71.0-cp39-cp39-musllinux_1_1_aarch64.whl", hash = "sha256:20e8f653abd5ec606be69540f57289274c9ca503ed38388481e98fa396ed0b41"},
    {file = "grpcio-1.71.0-cp39-cp39-musllinux_1_1_i686.whl", hash = "sha256:8700a2a57771cc43ea295296330daaddc0d93c088f0a35cc969292b6db959bf3"},
    {file = "grpcio-1.71.0-cp39-cp39-musllinux_1_1_x86_64.whl", hash = "sha256:d35a95f05a8a2cbe8e02be137740138b3b2ea5f80bd004444e4f9a1ffc511e32"},
    {file = "grpcio-1.71.0-cp39-cp39-win32.whl", hash = "sha256:f9c30c464cb2ddfbc2ddf9400287701270fdc0f14be5f08a1e3939f1e749b455"},
    {file = "grpcio-1.71.0-cp39-cp39-win_amd64.whl", hash = "sha256:63e41b91032f298b3e973b3fa4093cbbc620c875e2da7b93e249d4728b54559a"},
    {file = "grpcio-1.71.0.tar.gz", hash = "sha256:2b85f7820475ad3edec209d3d89a7909ada16caab05d3f2e08a7e8ae3200a55c"},
]

[package.extras]
protobuf = ["grpcio-tools (>=1.71.0)"]

[[package]]
name = "grpcio-health-checking"
version = "1.71.0"
description = "Standard Health Checking Service for gRPC"
optional = false
python-versions = ">=3.9"
groups = ["main"]
files = [
    {file = "grpcio_health_checking-1.71.0-py3-none-any.whl", hash = "sha256:b7d9b7a7606ab4cd02d23bd1d3943843f784ffc987c9bfec14c9d058d9e279db"},
    {file = "grpcio_health_checking-1.71.0.tar.gz", hash = "sha256:ff9bd55beb97ce3322fda2ae58781c9d6c6fcca6a35ca3b712975d9f75dd30af"},
]

[package.dependencies]
grpcio = ">=1.71.0"
protobuf = ">=5.26.1,<6.0dev"

[[package]]
name = "grpcio-tools"
version = "1.70.0"
description = "Protobuf code generator for gRPC"
optional = false
python-versions = ">=3.8"
groups = ["main"]
files = [
    {file = "grpcio_tools-1.70.0-cp310-cp310-linux_armv7l.whl", hash = "sha256:4d456521290e25b1091975af71604facc5c7db162abdca67e12a0207b8bbacbe"},
    {file = "grpcio_tools-1.70.0-cp310-cp310-macosx_12_0_universal2.whl", hash = "sha256:d50080bca84f53f3a05452e06e6251cbb4887f5a1d1321d1989e26d6e0dc398d"},
    {file = "grpcio_tools-1.70.0-cp310-cp310-manylinux_2_17_aarch64.whl", hash = "sha256:02e3bf55fb569fe21b54a32925979156e320f9249bb247094c4cbaa60c23a80d"},
    {file = "grpcio_tools-1.70.0-cp310-cp310-manylinux_2_17_i686.manylinux2014_i686.whl", hash = "sha256:88a3ec6fa2381f616d567f996503e12ca353777941b61030fd9733fd5772860e"},
    {file = "grpcio_tools-1.70.0-cp310-cp310-manylinux_2_17_x86_64.manylinux2014_x86_64.whl", hash = "sha256:6034a0579fab2aed8685fa1a558de084668b1e9b01a82a4ca7458b9bedf4654c"},
    {file = "grpcio_tools-1.70.0-cp310-cp310-musllinux_1_1_i686.whl", hash = "sha256:701bbb1ff406a21a771f5b1df6be516c0a59236774b6836eaad7696b1d128ea8"},
    {file = "grpcio_tools-1.70.0-cp310-cp310-musllinux_1_1_x86_64.whl", hash = "sha256:6eeb86864e1432fc1ab61e03395a2a4c04e9dd9c89db07e6fe68c7c2ac8ec24f"},
    {file = "grpcio_tools-1.70.0-cp310-cp310-win32.whl", hash = "sha256:d53c8c45e843b5836781ad6b82a607c72c2f9a3f556e23d703a0e099222421fa"},
    {file = "grpcio_tools-1.70.0-cp310-cp310-win_amd64.whl", hash = "sha256:22024caee36ab65c2489594d718921dcbb5bd18d61c5417a9ede94fd8dc8a589"},
    {file = "grpcio_tools-1.70.0-cp311-cp311-linux_armv7l.whl", hash = "sha256:5f5aba12d98d25c7ab2dd983939e2c21556a7d15f903b286f24d88d2c6e30c0a"},
    {file = "grpcio_tools-1.70.0-cp311-cp311-macosx_10_14_universal2.whl", hash = "sha256:d47a6c6cfc526b290b7b53a37dd7e6932983f7a168b56aab760b4b597c47f30f"},
    {file = "grpcio_tools-1.70.0-cp311-cp311-manylinux_2_17_aarch64.whl", hash = "sha256:b5a9beadd1e24772ffa2c70f07d72f73330d356b78b246e424f4f2ed6c6713f3"},
    {file = "grpcio_tools-1.70.0-cp311-cp311-manylinux_2_17_i686.manylinux2014_i686.whl", hash = "sha256:bb8135eef160a62505f074bf7a3d62f3b13911c3c14037c5392bf877114213b5"},
    {file = "grpcio_tools-1.70.0-cp311-cp311-manylinux_2_17_x86_64.manylinux2014_x86_64.whl", hash = "sha256:f7ac9b3e13ace8467a586c53580ee22f9732c355583f3c344ef8c6c0666219cc"},
    {file = "grpcio_tools-1.70.0-cp311-cp311-musllinux_1_1_i686.whl", hash = "sha256:63f367363a4a1489a0046b19f9d561216ea0d206c40a6f1bf07a58ccfb7be480"},
    {file = "grpcio_tools-1.70.0-cp311-cp311-musllinux_1_1_x86_64.whl", hash = "sha256:54ceffef59a059d2c7304554a8bbb20eedb05a3f937159ab1c332c1b28e12c9f"},
    {file = "grpcio_tools-1.70.0-cp311-cp311-win32.whl", hash = "sha256:7a90a66a46821140a2a2b0be787dfabe42e22e9a5ba9cc70726b3e5c71a3b785"},
    {file = "grpcio_tools-1.70.0-cp311-cp311-win_amd64.whl", hash = "sha256:4ebf09733545a69c166b02caa14c34451e38855544820dab7fdde5c28e2dbffe"},
    {file = "grpcio_tools-1.70.0-cp312-cp312-linux_armv7l.whl", hash = "sha256:ec5d6932c3173d7618267b3b3fd77b9243949c5ec04302b7338386d4f8544e0b"},
    {file = "grpcio_tools-1.70.0-cp312-cp312-macosx_10_14_universal2.whl", hash = "sha256:f22852da12f53b02a3bdb29d0c32fcabab9c7c8f901389acffec8461083f110d"},
    {file = "grpcio_tools-1.70.0-cp312-cp312-manylinux_2_17_aarch64.whl", hash = "sha256:7d45067e6efd20881e98a0e1d7edd7f207b1625ad7113321becbfe0a6ebee46c"},
    {file = "grpcio_tools-1.70.0-cp312-cp312-manylinux_2_17_i686.manylinux2014_i686.whl", hash = "sha256:3020c97f03b30eee3c26aa2a55fbe003f1729c6f879a378507c2c78524db7c12"},
    {file = "grpcio_tools-1.70.0-cp312-cp312-manylinux_2_17_x86_64.manylinux2014_x86_64.whl", hash = "sha256:d7fd472fce3b33bdf7fbc24d40da7ab10d7a088bcaf59c37433c2c57330fbcb6"},
    {file = "grpcio_tools-1.70.0-cp312-cp312-musllinux_1_1_i686.whl", hash = "sha256:3875543d74ce1a698a11f498f83795216ce929cb29afa5fac15672c7ba1d6dd2"},
    {file = "grpcio_tools-1.70.0-cp312-cp312-musllinux_1_1_x86_64.whl", hash = "sha256:a130c24d617a3a57369da784080dfa8848444d41b7ae1250abc06e72e706a8d9"},
    {file = "grpcio_tools-1.70.0-cp312-cp312-win32.whl", hash = "sha256:8eae17c920d14e2e451dbb18f5d8148f884e10228061941b33faa8fceee86e73"},
    {file = "grpcio_tools-1.70.0-cp312-cp312-win_amd64.whl", hash = "sha256:99caa530242a0a832d8b6a6ab94b190c9b449d3e237f953911b4d56207569436"},
    {file = "grpcio_tools-1.70.0-cp313-cp313-linux_armv7l.whl", hash = "sha256:f024688d04e7a9429489ed695b85628075c3c6d655198ba3c6ccbd1d8b7c333b"},
    {file = "grpcio_tools-1.70.0-cp313-cp313-macosx_10_14_universal2.whl", hash = "sha256:1fa9a81621d7178498dedcf94eb8f276a7594327faf3dd5fd1935ce2819a2bdb"},
    {file = "grpcio_tools-1.70.0-cp313-cp313-manylinux_2_17_aarch64.whl", hash = "sha256:c6da2585c0950cdb650df1ff6d85b3fe31e22f8370b9ee11f8fe641d5b4bf096"},
    {file = "grpcio_tools-1.70.0-cp313-cp313-manylinux_2_17_i686.manylinux2014_i686.whl", hash = "sha256:70234b592af17050ec30cf35894790cef52aeae87639efe6db854a7fa783cc8c"},
    {file = "grpcio_tools-1.70.0-cp313-cp313-manylinux_2_17_x86_64.manylinux2014_x86_64.whl", hash = "sha256:9c021b040d0a9f5bb96a725c4d2b95008aad127d6bed124a7bbe854973014f5b"},
    {file = "grpcio_tools-1.70.0-cp313-cp313-musllinux_1_1_i686.whl", hash = "sha256:114a42e566e5b16a47e98f7910a6c0074b37e2d1faacaae13222e463d0d0d43c"},
    {file = "grpcio_tools-1.70.0-cp313-cp313-musllinux_1_1_x86_64.whl", hash = "sha256:4cae365d7e3ba297256216a9a256458b286f75c64603f017972b3ad1ee374437"},
    {file = "grpcio_tools-1.70.0-cp313-cp313-win32.whl", hash = "sha256:ae139a8d3ddd8353f62af3af018e99ebcd2f4a237bd319cb4b6f58dd608aaa54"},
    {file = "grpcio_tools-1.70.0-cp313-cp313-win_amd64.whl", hash = "sha256:04bf30c0eb2741defe3ab6e0a6102b022d69cfd39d68fab9b954993ceca8d346"},
    {file = "grpcio_tools-1.70.0-cp38-cp38-linux_armv7l.whl", hash = "sha256:076f71c6d5adcf237ebca63f1ed51098293261dab9f301e3dfd180e896e5fa89"},
    {file = "grpcio_tools-1.70.0-cp38-cp38-macosx_10_14_universal2.whl", hash = "sha256:d1fc2112e9c40167086e2e6a929b253e5281bffd070fab7cd1ae019317ffc11d"},
    {file = "grpcio_tools-1.70.0-cp38-cp38-manylinux_2_17_aarch64.whl", hash = "sha256:904f13d2d04f88178b09d8ef89549b90cbf8792b684a7c72540fc1a9887697e2"},
    {file = "grpcio_tools-1.70.0-cp38-cp38-manylinux_2_17_i686.manylinux2014_i686.whl", hash = "sha256:1de6c71833d36fb8cc8ac10539681756dc2c5c67e5d4aa4d05adb91ecbdd8474"},
    {file = "grpcio_tools-1.70.0-cp38-cp38-manylinux_2_17_x86_64.manylinux2014_x86_64.whl", hash = "sha256:1ab788afced2d2c59bef86479967ce0b28485789a9f2cc43793bb7aa67f9528b"},
    {file = "grpcio_tools-1.70.0-cp38-cp38-musllinux_1_1_i686.whl", hash = "sha256:836293dcbb1e59fa52aa8aa890bd7a32a8eea7651cd614e96d86de4f3032fe73"},
    {file = "grpcio_tools-1.70.0-cp38-cp38-musllinux_1_1_x86_64.whl", hash = "sha256:740b3741d124c5f390dd50ad1c42c11788882baf3c202cd3e69adee0e3dde559"},
    {file = "grpcio_tools-1.70.0-cp38-cp38-win32.whl", hash = "sha256:b9e4a12b862ba5e42d8028da311e8d4a2c307362659b2f4141d0f940f8c12b49"},
    {file = "grpcio_tools-1.70.0-cp38-cp38-win_amd64.whl", hash = "sha256:fd04c93af460b1456cd12f8f85502503e1db6c4adc1b7d4bd775b12c1fd94fee"},
    {file = "grpcio_tools-1.70.0-cp39-cp39-linux_armv7l.whl", hash = "sha256:52d7e7ef11867fe7de577076b1f2ac6bf106b2325130e3de66f8c364c96ff332"},
    {file = "grpcio_tools-1.70.0-cp39-cp39-macosx_10_14_universal2.whl", hash = "sha256:0f7ed0372afd9f5eb938334e84681396257015ab92e03de009aa3170e64b24d0"},
    {file = "grpcio_tools-1.70.0-cp39-cp39-manylinux_2_17_aarch64.whl", hash = "sha256:24a5b0328ffcfe0c4a9024f302545abdb8d6f24921409a5839f2879555b96fea"},
    {file = "grpcio_tools-1.70.0-cp39-cp39-manylinux_2_17_i686.manylinux2014_i686.whl", hash = "sha256:9387b30f3b2f46942fb5718624d7421875a6ce458620d6e15817172d78db1e1a"},
    {file = "grpcio_tools-1.70.0-cp39-cp39-manylinux_2_17_x86_64.manylinux2014_x86_64.whl", hash = "sha256:4545264e06e1cd7fb21b9447bb5126330bececb4bc626c98f793fda2fd910bf8"},
    {file = "grpcio_tools-1.70.0-cp39-cp39-musllinux_1_1_i686.whl", hash = "sha256:79b723ce30416e8e1d7ff271f97ade79aaf30309a595d80c377105c07f5b20fd"},
    {file = "grpcio_tools-1.70.0-cp39-cp39-musllinux_1_1_x86_64.whl", hash = "sha256:1c0917dce12af04529606d437def83962d51c59dcde905746134222e94a2ab1b"},
    {file = "grpcio_tools-1.70.0-cp39-cp39-win32.whl", hash = "sha256:5cb0baa52d4d44690fac6b1040197c694776a291a90e2d3c369064b4d5bc6642"},
    {file = "grpcio_tools-1.70.0-cp39-cp39-win_amd64.whl", hash = "sha256:840ec536ab933db2ef8d5acaa6b712d0e9e8f397f62907c852ec50a3f69cdb78"},
    {file = "grpcio_tools-1.70.0.tar.gz", hash = "sha256:e578fee7c1c213c8e471750d92631d00f178a15479fb2cb3b939a07fc125ccd3"},
]

[package.dependencies]
grpcio = ">=1.70.0"
protobuf = ">=5.26.1,<6.0dev"
setuptools = "*"

[[package]]
name = "hazelcast-python-client"
version = "5.5.0"
description = "Hazelcast Python Client"
optional = false
python-versions = "*"
groups = ["main"]
files = [
    {file = "hazelcast_python_client-5.5.0-py3-none-any.whl", hash = "sha256:c797c23c219971d225f8590f6359692c14059c26baa15c2762c95667ae38b90a"},
    {file = "hazelcast_python_client-5.5.0.tar.gz", hash = "sha256:dc8d7c1f494e02994238759ad45a9d9d54a569b8e12f198a0efa6e192774b16d"},
]

[package.extras]
stats = ["psutil"]

[[package]]
name = "idna"
version = "3.10"
description = "Internationalized Domain Names in Applications (IDNA)"
optional = false
python-versions = ">=3.6"
groups = ["main"]
files = [
    {file = "idna-3.10-py3-none-any.whl", hash = "sha256:946d195a0d259cbba61165e88e65941f16e9b36ea6ddb97f00452bae8b1287d3"},
    {file = "idna-3.10.tar.gz", hash = "sha256:12f65c9b470abda6dc35cf8e63cc574b1c52b11df2c86030af0ac09b01b13ea9"},
]

[package.extras]
all = ["flake8 (>=7.1.1)", "mypy (>=1.11.2)", "pytest (>=8.3.2)", "ruff (>=0.6.2)"]

[[package]]
name = "protobuf"
version = "5.29.3"
description = ""
optional = false
python-versions = ">=3.8"
groups = ["main"]
files = [
    {file = "protobuf-5.29.3-cp310-abi3-win32.whl", hash = "sha256:3ea51771449e1035f26069c4c7fd51fba990d07bc55ba80701c78f886bf9c888"},
    {file = "protobuf-5.29.3-cp310-abi3-win_amd64.whl", hash = "sha256:a4fa6f80816a9a0678429e84973f2f98cbc218cca434abe8db2ad0bffc98503a"},
    {file = "protobuf-5.29.3-cp38-abi3-macosx_10_9_universal2.whl", hash = "sha256:a8434404bbf139aa9e1300dbf989667a83d42ddda9153d8ab76e0d5dcaca484e"},
    {file = "protobuf-5.29.3-cp38-abi3-manylinux2014_aarch64.whl", hash = "sha256:daaf63f70f25e8689c072cfad4334ca0ac1d1e05a92fc15c54eb9cf23c3efd84"},
    {file = "protobuf-5.29.3-cp38-abi3-manylinux2014_x86_64.whl", hash = "sha256:c027e08a08be10b67c06bf2370b99c811c466398c357e615ca88c91c07f0910f"},
    {file = "protobuf-5.29.3-cp38-cp38-win32.whl", hash = "sha256:84a57163a0ccef3f96e4b6a20516cedcf5bb3a95a657131c5c3ac62200d23252"},
    {file = "protobuf-5.29.3-cp38-cp38-win_amd64.whl", hash = "sha256:b89c115d877892a512f79a8114564fb435943b59067615894c3b13cd3e1fa107"},
    {file = "protobuf-5.29.3-cp39-cp39-win32.whl", hash = "sha256:0eb32bfa5219fc8d4111803e9a690658aa2e6366384fd0851064b963b6d1f2a7"},
    {file = "protobuf-5.29.3-cp39-cp39-win_amd64.whl", hash = "sha256:6ce8cc3389a20693bfde6c6562e03474c40851b44975c9b2bf6df7d8c4f864da"},
    {file = "protobuf-5.29.3-py3-none-any.whl", hash = "sha256:0a18ed4a24198528f2333802eb075e59dea9d679ab7a6c5efb017a59004d849f"},
    {file = "protobuf-5.29.3.tar.gz", hash = "sha256:5da0f41edaf117bde316404bad1a486cb4ededf8e4a54891296f648e8e076620"},
]

[[package]]
name = "py-consul"
version = "1.6.0"
description = "Python client for Consul (http://www.consul.io/)"
optional = false
python-versions = "*"
groups = ["main"]
files = [
    {file = "py_consul-1.6.0-py2.py3-none-any.whl", hash = "sha256:2ffd6b9dd794da99393b75ff78fd786917c3afbfe71ac46292f7099457e68fdf"},
    {file = "py_consul-1.6.0.tar.gz", hash = "sha256:a5ba8347178b0172aa1388e6584ae34ad0d14e22ae7bc8ee53071c24de5c8712"},
]

[package.dependencies]
requests = ">=2.0"

[package.extras]
asyncio = ["aiohttp"]

[[package]]
name = "requests"
version = "2.32.3"
description = "Python HTTP for Humans."
optional = false
python-versions = ">=3.8"
groups = ["main"]
files = [
    {file = "requests-2.32.3-py3-none-any.whl", hash = "sha256:70761cfe03c773ceb22aa2f671b4757976145175cdfca038c02654d061d6dcc6"},
    {file = "requests-2.32.3.tar.gz", hash = "sha256:55365417734eb18255590a9ff9eb97e9e1da868d4ccd6402399eaf68af20a760"},
]

[package.dependencies]
certifi = ">=2017.4.17"
charset-normalizer = ">=2,<4"
idna = ">=2.5,<4"
urllib3 = ">=1.21.1,<3"

[package.extras]
socks = ["PySocks (>=1.5.6,!=1.5.7)"]
use-chardet-on-py3 = ["chardet (>=3.0.2,<6)"]

[[package]]
name = "setuptools"
version = "75.8.2"
description = "Easily download, build, install, upgrade, and uninstall Python packages"
optional = false
python-versions = ">=3.9"
groups = ["main"]
files = [
    {file = "setuptools-75.8.2-py3-none-any.whl", hash = "sha256:558e47c15f1811c1fa7adbd0096669bf76c1d3f433f58324df69f3f5ecac4e8f"},
    {file = "setuptools-75.8.2.tar.gz", hash = "sha256:4880473a969e5f23f2a2be3646b2dfd84af9028716d398e46192f84bc36900d2"},
]

[package.extras]
check = ["pytest-checkdocs (>=2.4)", "pytest-ruff (>=0.2.1) ; sys_platform != \"cygwin\"", "ruff (>=0.8.0) ; sys_platform != \"cygwin\""]
core = ["importlib_metadata (>=6) ; python_version < \"3.10\"", "jaraco.collections", "jaraco.functools (>=4)", "jaraco.text (>=3.7)", "more_itertools", "more_itertools (>=8.8)", "packaging", "packaging (>=24.2)", "platformdirs (>=4.2.2)", "tomli (>=2.0.1) ; python_version < \"3.11\"", "wheel (>=0.43.0)"]
cover = ["pytest-cov"]
doc = ["furo", "jaraco.packaging (>=9.3)", "jaraco.tidelift (>=1.4)", "pygments-github-lexers (==0.0.5)", "pyproject-hooks (!=1.1)", "rst.linker (>=1.9)", "sphinx (>=3.5)", "sphinx-favicon", "sphinx-inline-tabs", "sphinx-lint", "sphinx-notfound-page (>=1,<2)", "sphinx-reredirects", "sphinxcontrib-towncrier", "towncrier (<24.7)"]
enabler = ["pytest-enabler (>=2.2)"]
test = ["build[virtualenv] (>=1.0.3)", "filelock (>=3.4.0)", "ini2toml[lite] (>=0.14)", "jaraco.develop (>=7.21) ; python_version >= \"3.9\" and sys_platform != \"cygwin\"", "jaraco.envs (>=2.2)", "jaraco.path (>=3.7.2)", "jaraco.test (>=5.5)", "packaging (>=24.2)", "pip (>=19.1)", "pyproject-hooks (!=1.1)", "pytest (>=6,!=8.1.*)", "pytest-home (>=0.5)", "pytest-perf ; sys_platform != \"cygwin\"", "pytest-subprocess", "pytest-timeout", "pytest-xdist (>=3)", "tomli-w (>=1.0.0)", "virtualenv (>=13.0.0)", "wheel (>=0.44.0)"]
type = ["importlib_metadata (>=7.0.2) ; python_version < \"3.10\"", "jaraco.develop (>=7.21) ; sys_platform != \"cygwin\"", "mypy (==1.14.*)", "pytest-mypy"]

[[package]]
name = "urllib3"
version = "2.3.0"
description = "HTTP library with thread-safe connection pooling, file post, and more."
optional = false
python-versions = ">=3.9"
groups = ["main"]
files = [
    {file = "urllib3-2.3.0-py3-none-any.whl", hash = "sha256:1cee9ad369867bfdbbb48b7dd50374c0967a0bb7710050facf0dd6911440e3df"},
    {file = "urllib3-2.3.0.tar.gz", hash = "sha256:f8c5449b3cf0861679ce7e0503c7b44b5ec981bec0d1d3795a07f1ba96f0204d"},
]

[package.extras]
brotli = ["brotli (>=1.0.9) ; platform_python_implementation == \"CPython\"", "brotlicffi (>=0.8.0) ; platform_python_implementation != \"CPython\""]
h2 = ["h2 (>=4,<5)"]
socks = ["pysocks (>=1.5.6,!=1.5.7,<2.0)"]
zstd = ["zstandard (>=0.18.0)"]

[metadata]
lock-version = "2.1"
python-versions = ">=3.13"
content-hash = "bd6a78913245e409f85cafe1073384bd8e6644438df7dd6b909b620bafd2de92"
